{
  "name": "wall-display",
  "version": "1.0.0",
  "lockfileVersion": 3,
  "requires": true,
  "packages": {
    "": {
      "name": "wall-display",
      "version": "1.0.0",
      "license": "MIT",
      "dependencies": {
        "ical-expander": "^2.1.0"
      },
      "engines": {
        "node": ">=20"
      }
    },
    "node_modules/ical-expander": {
      "version": "2.1.0",
      "resolved": "https://registry.npmjs.org/ical-expander/-/ical-expander-2.1.0.tgz",
      "integrity": "sha512-G2J1HIFbL3CPr7tz7U4UYmB8l3Iu16ib3ddzbveCJyvmvjo3MqAye+Izts2H/dOJuSMxYx1DolcEN5TslcNHlg==",
      "license": "MIT",
      "dependencies": {
        "ical.js": "1.2.2"
      },
      "engines": {
        "node": ">=4"
      }
    },
    "node_modules/ical.js": {
      "version": "1.2.2",
      "resolved": "https://registry.npmjs.org/ical.js/-/ical.js-1.2.2.tgz",
      "integrity": "sha512-h2pPT68xGmMmuHFN3zkMr6dwi+Uc2ySZcQwOte7WLmZL5JGfL97AuXfH8qaEJ0hNyTd4ixEB7/ejNgF2jsMOyA==",
      "license": "MPL-2.0"
    }
  }
}
